
Microsoft Visual Studio Solution File, Format Version 12.00
# Visual Studio 15
VisualStudioVersion = 15.0.27703.2047
MinimumVisualStudioVersion = 10.0.40219.1
Project("{FAE04EC0-301F-11D3-BF4B-00C04F79EFBC}") = "Doña Juanita", "Doña Juanita\Doña Juanita.csproj", "{C7F53863-C344-4537-BCA0-5E9C7EC85944}"
EndProject
Global
	GlobalSection(SolutionConfigurationPlatforms) = preSolution
		Debug|Any CPU = Debug|Any CPU
		Release|Any CPU = Release|Any CPU
	EndGlobalSection
	GlobalSection(ProjectConfigurationPlatforms) = postSolution
		{C7F53863-C344-4537-BCA0-5E9C7EC85944}.Debug|Any CPU.ActiveCfg = Debug|Any CPU
		{C7F53863-C344-4537-BCA0-5E9C7EC85944}.Debug|Any CPU.Build.0 = Debug|Any CPU
		{C7F53863-C344-4537-BCA0-5E9C7EC85944}.Release|Any CPU.ActiveCfg = Release|Any CPU
		{C7F53863-C344-4537-BCA0-5E9C7EC85944}.Release|Any CPU.Build.0 = Release|Any CPU
	EndGlobalSection
	GlobalSection(SolutionProperties) = preSolution
		HideSolutionNode = FALSE
	EndGlobalSection
	GlobalSection(ExtensibilityGlobals) = postSolution
		SolutionGuid = {E60E5AA2-D52E-4E51-8788-9E40297E233D}
	EndGlobalSection
EndGlobal
